
Microsoft Visual Studio Solution File, Format Version 12.00
# Visual Studio Version 17
VisualStudioVersion = 17.11.35312.102
MinimumVisualStudioVersion = 10.0.40219.1
Project("{FAE04EC0-301F-11D3-BF4B-00C04F79EFBC}") = "Data_SCV", "Data_SCV\Data_SCV.csproj", "{3F49D2F9-1005-4E21-AE6C-C803AA9F641F}"
EndProject
Global
	GlobalSection(SolutionConfigurationPlatforms) = preSolution
		Debug|Any CPU = Debug|Any CPU
		Release|Any CPU = Release|Any CPU
	EndGlobalSection
	GlobalSection(ProjectConfigurationPlatforms) = postSolution
		{3F49D2F9-1005-4E21-AE6C-C803AA9F641F}.Debug|Any CPU.ActiveCfg = Debug|Any CPU
		{3F49D2F9-1005-4E21-AE6C-C803AA9F641F}.Debug|Any CPU.Build.0 = Debug|Any CPU
		{3F49D2F9-1005-4E21-AE6C-C803AA9F641F}.Release|Any CPU.ActiveCfg = Release|Any CPU
		{3F49D2F9-1005-4E21-AE6C-C803AA9F641F}.Release|Any CPU.Build.0 = Release|Any CPU
	EndGlobalSection
	GlobalSection(SolutionProperties) = preSolution
		HideSolutionNode = FALSE
	EndGlobalSection
	GlobalSection(ExtensibilityGlobals) = postSolution
		SolutionGuid = {7479A0BF-DF8C-4305-92B7-80844007F413}
	EndGlobalSection
EndGlobal
